
Microsoft Visual Studio Solution File, Format Version 12.00
# Visual Studio Version 17
VisualStudioVersion = 17.0.31903.59
MinimumVisualStudioVersion = 10.0.40219.1
Project("{FAE04EC0-301F-11D3-BF4B-00C04F79EFBC}") = "API", "API\API.csproj", "{3E0B90B4-CEC3-4B24-A551-9DA7786987CD}"
EndProject
Project("{FAE04EC0-301F-11D3-BF4B-00C04F79EFBC}") = "UnitTests", "UnitTests\UnitTests.csproj", "{81440B26-B7C4-4916-B351-670263B31FFF}"
EndProject
Global
	GlobalSection(SolutionConfigurationPlatforms) = preSolution
		Debug|Any CPU = Debug|Any CPU
		Release|Any CPU = Release|Any CPU
	EndGlobalSection
	GlobalSection(ProjectConfigurationPlatforms) = postSolution
		{3E0B90B4-CEC3-4B24-A551-9DA7786987CD}.Debug|Any CPU.ActiveCfg = Debug|Any CPU
		{3E0B90B4-CEC3-4B24-A551-9DA7786987CD}.Debug|Any CPU.Build.0 = Debug|Any CPU
		{3E0B90B4-CEC3-4B24-A551-9DA7786987CD}.Release|Any CPU.ActiveCfg = Release|Any CPU
		{3E0B90B4-CEC3-4B24-A551-9DA7786987CD}.Release|Any CPU.Build.0 = Release|Any CPU
		{81440B26-B7C4-4916-B351-670263B31FFF}.Debug|Any CPU.ActiveCfg = Debug|Any CPU
		{81440B26-B7C4-4916-B351-670263B31FFF}.Debug|Any CPU.Build.0 = Debug|Any CPU
		{81440B26-B7C4-4916-B351-670263B31FFF}.Release|Any CPU.ActiveCfg = Release|Any CPU
		{81440B26-B7C4-4916-B351-670263B31FFF}.Release|Any CPU.Build.0 = Release|Any CPU
	EndGlobalSection
	GlobalSection(SolutionProperties) = preSolution
		HideSolutionNode = FALSE
	EndGlobalSection
	GlobalSection(ExtensibilityGlobals) = postSolution
		SolutionGuid = {F2F7E7AB-65B9-4EDC-AC6B-E0FDB2D0A3AF}
	EndGlobalSection
EndGlobal
